
Microsoft Visual Studio Solution File, Format Version 12.00
# Visual Studio Version 17
VisualStudioVersion = 17.7.34031.279
MinimumVisualStudioVersion = 10.0.40219.1
Project("{FAE04EC0-301F-11D3-BF4B-00C04F79EFBC}") = "Card Playing Robot Cell", "Card Playing Robot Cell\Card Playing Robot Cell.csproj", "{CB46869F-D77B-4330-88DA-0F6BC00AFA22}"
EndProject
Project("{9A19103F-16F7-4668-BE54-9A1E7A4F7556}") = "MLModel1_ConsoleApp1", "MLModel1_ConsoleApp1\MLModel1_ConsoleApp1.csproj", "{F348F90B-C3F9-4FBF-BA42-531515B9BEAE}"
EndProject
Global
	GlobalSection(SolutionConfigurationPlatforms) = preSolution
		Debug|Any CPU = Debug|Any CPU
		Release|Any CPU = Release|Any CPU
	EndGlobalSection
	GlobalSection(ProjectConfigurationPlatforms) = postSolution
		{CB46869F-D77B-4330-88DA-0F6BC00AFA22}.Debug|Any CPU.ActiveCfg = Debug|Any CPU
		{CB46869F-D77B-4330-88DA-0F6BC00AFA22}.Debug|Any CPU.Build.0 = Debug|Any CPU
		{CB46869F-D77B-4330-88DA-0F6BC00AFA22}.Release|Any CPU.ActiveCfg = Release|Any CPU
		{CB46869F-D77B-4330-88DA-0F6BC00AFA22}.Release|Any CPU.Build.0 = Release|Any CPU
		{F348F90B-C3F9-4FBF-BA42-531515B9BEAE}.Debug|Any CPU.ActiveCfg = Debug|Any CPU
		{F348F90B-C3F9-4FBF-BA42-531515B9BEAE}.Debug|Any CPU.Build.0 = Debug|Any CPU
		{F348F90B-C3F9-4FBF-BA42-531515B9BEAE}.Release|Any CPU.ActiveCfg = Release|Any CPU
		{F348F90B-C3F9-4FBF-BA42-531515B9BEAE}.Release|Any CPU.Build.0 = Release|Any CPU
	EndGlobalSection
	GlobalSection(SolutionProperties) = preSolution
		HideSolutionNode = FALSE
	EndGlobalSection
	GlobalSection(ExtensibilityGlobals) = postSolution
		SolutionGuid = {A9C77DB0-31BE-43AD-BCEC-E77B80EAE0A4}
	EndGlobalSection
EndGlobal
